<?xml version="1.0" encoding="utf-8"?>
<Project ToolsVersion="4.0" xmlns="http://schemas.microsoft.com/developer/msbuild/2003">
  <ItemGroup>
    <Filter Include="imguiWindow">
      <UniqueIdentifier>{787D5594-E432-CE89-6D27-C860D9DBC48D}</UniqueIdentifier>
    </Filter>
    <Filter Include="imguiWindow\imgui">
      <UniqueIdentifier>{E2C4577A-4EDB-5510-9752-E13103A82698}</UniqueIdentifier>
    </Filter>
    <Filter Include="user">
      <UniqueIdentifier>{842E9F7C-7065-A00D-1952-861005681C0F}</UniqueIdentifier>
    </Filter>
  </ItemGroup>
  <ItemGroup>
    <ClInclude Include="src\core.h" />
    <ClInclude Include="src\imguiWindow\Application.h">
      <Filter>imguiWindow</Filter>
    </ClInclude>
    <ClInclude Include="src\imguiWindow\Framebuffer.h">
      <Filter>imguiWindow</Filter>
    </ClInclude>
    <ClInclude Include="src\imguiWindow\ImguiLayer.h">
      <Filter>imguiWindow</Filter>
    </ClInclude>
    <ClInclude Include="src\imguiWindow\Layer.h">
      <Filter>imguiWindow</Filter>
    </ClInclude>
    <ClInclude Include="src\imguiWindow\LayerStack.h">
      <Filter>imguiWindow</Filter>
    </ClInclude>
    <ClInclude Include="src\imguiWindow\Window.h">
      <Filter>imguiWindow</Filter>
    </ClInclude>
    <ClInclude Include="src\imguiWindow\imgui\imgui_impl_glfw.h">
      <Filter>imguiWindow\imgui</Filter>
    </ClInclude>
    <ClInclude Include="src\imguiWindow\imgui\imgui_impl_opengl3.h">
      <Filter>imguiWindow\imgui</Filter>
    </ClInclude>
    <ClInclude Include="src\pch.h" />
    <ClInclude Include="src\user\ExampleLayer.h">
      <Filter>user</Filter>
    </ClInclude>
    <ClInclude Include="src\imguiWindow\OpenGL\OpenGLContext.h" />
    <ClInclude Include="src\imguiWindow\base.h" />
  </ItemGroup>
  <ItemGroup>
    <ClCompile Include="src\imguiWindow\Application.cpp">
      <Filter>imguiWindow</Filter>
    </ClCompile>
    <ClCompile Include="src\imguiWindow\Framebuffer.cpp">
      <Filter>imguiWindow</Filter>
    </ClCompile>
    <ClCompile Include="src\imguiWindow\ImguiLayer.cpp">
      <Filter>imguiWindow</Filter>
    </ClCompile>
    <ClCompile Include="src\imguiWindow\Layer.cpp">
      <Filter>imguiWindow</Filter>
    </ClCompile>
    <ClCompile Include="src\imguiWindow\LayerStack.cpp">
      <Filter>imguiWindow</Filter>
    </ClCompile>
    <ClCompile Include="src\imguiWindow\Window.cpp">
      <Filter>imguiWindow</Filter>
    </ClCompile>
    <ClCompile Include="src\imguiWindow\imgui\imgui_impl_glfw.cpp">
      <Filter>imguiWindow\imgui</Filter>
    </ClCompile>
    <ClCompile Include="src\imguiWindow\imgui\imgui_impl_opengl3.cpp">
      <Filter>imguiWindow\imgui</Filter>
    </ClCompile>
    <ClCompile Include="src\pch.cpp" />
    <ClCompile Include="src\user\ExampleLayer.cpp">
      <Filter>user</Filter>
    </ClCompile>
    <ClCompile Include="src\user\app.cpp">
      <Filter>user</Filter>
    </ClCompile>
    <ClCompile Include="src\imguiWindow\Entrypoint.cpp" />
    <ClCompile Include="src\imguiWindow\OpenGL\OpenGLContext.cpp" />
  </ItemGroup>
</Project>